// !$*UTF8*$!
{
	archiveVersion = 1;
	classes = {
	};
	objectVersion = 56;
	objects = {

/* Begin PBXBuildFile section */
		44C28EE12A42C79500B53C8D /* TodoApp_SwiftUIApp.swift in Sources */ = {isa = PBXBuildFile; fileRef = 44C28EE02A42C79500B53C8D /* TodoApp_SwiftUIApp.swift */; };
		44C28EE32A42C79500B53C8D /* TodoMainListView.swift in Sources */ = {isa = PBXBuildFile; fileRef = 44C28EE22A42C79500B53C8D /* TodoMainListView.swift */; };
		44C28EE52A42C79600B53C8D /* Assets.xcassets in Resources */ = {isa = PBXBuildFile; fileRef = 44C28EE42A42C79600B53C8D /* Assets.xcassets */; };
		44C28EE82A42C79600B53C8D /* Preview Assets.xcassets in Resources */ = {isa = PBXBuildFile; fileRef = 44C28EE72A42C79600B53C8D /* Preview Assets.xcassets */; };
		44C28EF22A42C79600B53C8D /* TodoApp_SwiftUITests.swift in Sources */ = {isa = PBXBuildFile; fileRef = 44C28EF12A42C79600B53C8D /* TodoApp_SwiftUITests.swift */; };
		44C28EFC2A42C79600B53C8D /* TodoApp_SwiftUIUITests.swift in Sources */ = {isa = PBXBuildFile; fileRef = 44C28EFB2A42C79600B53C8D /* TodoApp_SwiftUIUITests.swift */; };
		44C28EFE2A42C79600B53C8D /* TodoApp_SwiftUIUITestsLaunchTests.swift in Sources */ = {isa = PBXBuildFile; fileRef = 44C28EFD2A42C79600B53C8D /* TodoApp_SwiftUIUITestsLaunchTests.swift */; };
		44C28F0C2A42C8FD00B53C8D /* FirebaseAuth in Frameworks */ = {isa = PBXBuildFile; productRef = 44C28F0B2A42C8FD00B53C8D /* FirebaseAuth */; };
		44C28F0E2A42C8FD00B53C8D /* FirebaseFirestore in Frameworks */ = {isa = PBXBuildFile; productRef = 44C28F0D2A42C8FD00B53C8D /* FirebaseFirestore */; };
		44C28F102A42C8FD00B53C8D /* FirebaseFirestoreSwift in Frameworks */ = {isa = PBXBuildFile; productRef = 44C28F0F2A42C8FD00B53C8D /* FirebaseFirestoreSwift */; };
		44C28F122A42CA6700B53C8D /* GoogleService-Info.plist in Resources */ = {isa = PBXBuildFile; fileRef = 44C28F112A42CA6700B53C8D /* GoogleService-Info.plist */; };
		44C28F1B2A42CE0300B53C8D /* ProfileScreen.swift in Sources */ = {isa = PBXBuildFile; fileRef = 44C28F1A2A42CE0300B53C8D /* ProfileScreen.swift */; };
		44C28F1E2A42CE7500B53C8D /* ToDoItemView.swift in Sources */ = {isa = PBXBuildFile; fileRef = 44C28F1D2A42CE7500B53C8D /* ToDoItemView.swift */; };
		44C28F202A42CEE800B53C8D /* ToDoListItemModel.swift in Sources */ = {isa = PBXBuildFile; fileRef = 44C28F1F2A42CEE800B53C8D /* ToDoListItemModel.swift */; };
		44C28F232A42CF0000B53C8D /* UserModel.swift in Sources */ = {isa = PBXBuildFile; fileRef = 44C28F222A42CF0000B53C8D /* UserModel.swift */; };
		44C28F252A42CF2F00B53C8D /* ToDoMainScreenViewModel.swift in Sources */ = {isa = PBXBuildFile; fileRef = 44C28F242A42CF2F00B53C8D /* ToDoMainScreenViewModel.swift */; };
		44C28F292A42CF5900B53C8D /* ProfileViewModel.swift in Sources */ = {isa = PBXBuildFile; fileRef = 44C28F282A42CF5900B53C8D /* ProfileViewModel.swift */; };
		44C28F2B2A42CF8900B53C8D /* NewItemViewModel.swift in Sources */ = {isa = PBXBuildFile; fileRef = 44C28F2A2A42CF8900B53C8D /* NewItemViewModel.swift */; };
		44C28F2E2A42CFAF00B53C8D /* LoginViewModel.swift in Sources */ = {isa = PBXBuildFile; fileRef = 44C28F2D2A42CFAF00B53C8D /* LoginViewModel.swift */; };
		44C28F302A42CFB600B53C8D /* RegisterViewModel.swift in Sources */ = {isa = PBXBuildFile; fileRef = 44C28F2F2A42CFB600B53C8D /* RegisterViewModel.swift */; };
		44C28F362A42D08A00B53C8D /* AuthView.swift in Sources */ = {isa = PBXBuildFile; fileRef = 44C28F352A42D08A00B53C8D /* AuthView.swift */; };
		44C28F382A42D0F600B53C8D /* MainSuperView.swift in Sources */ = {isa = PBXBuildFile; fileRef = 44C28F372A42D0F600B53C8D /* MainSuperView.swift */; };
		44C28F3B2A42D55400B53C8D /* HeaderAuthView.swift in Sources */ = {isa = PBXBuildFile; fileRef = 44C28F3A2A42D55400B53C8D /* HeaderAuthView.swift */; };
		44C28F3E2A42D90300B53C8D /* RegisterView.swift in Sources */ = {isa = PBXBuildFile; fileRef = 44C28F3D2A42D90300B53C8D /* RegisterView.swift */; };
/* End PBXBuildFile section */

/* Begin PBXContainerItemProxy section */
		44C28EEE2A42C79600B53C8D /* PBXContainerItemProxy */ = {
			isa = PBXContainerItemProxy;
			containerPortal = 44C28ED52A42C79500B53C8D /* Project object */;
			proxyType = 1;
			remoteGlobalIDString = 44C28EDC2A42C79500B53C8D;
			remoteInfo = TodoApp_SwiftUI;
		};
		44C28EF82A42C79600B53C8D /* PBXContainerItemProxy */ = {
			isa = PBXContainerItemProxy;
			containerPortal = 44C28ED52A42C79500B53C8D /* Project object */;
			proxyType = 1;
			remoteGlobalIDString = 44C28EDC2A42C79500B53C8D;
			remoteInfo = TodoApp_SwiftUI;
		};
/* End PBXContainerItemProxy section */

/* Begin PBXFileReference section */
		44C28EDD2A42C79500B53C8D /* TodoApp_SwiftUI.app */ = {isa = PBXFileReference; explicitFileType = wrapper.application; includeInIndex = 0; path = TodoApp_SwiftUI.app; sourceTree = BUILT_PRODUCTS_DIR; };
		44C28EE02A42C79500B53C8D /* TodoApp_SwiftUIApp.swift */ = {isa = PBXFileReference; lastKnownFileType = sourcecode.swift; path = TodoApp_SwiftUIApp.swift; sourceTree = "<group>"; };
		44C28EE22A42C79500B53C8D /* TodoMainListView.swift */ = {isa = PBXFileReference; lastKnownFileType = sourcecode.swift; path = TodoMainListView.swift; sourceTree = "<group>"; };
		44C28EE42A42C79600B53C8D /* Assets.xcassets */ = {isa = PBXFileReference; lastKnownFileType = folder.assetcatalog; path = Assets.xcassets; sourceTree = "<group>"; };
		44C28EE72A42C79600B53C8D /* Preview Assets.xcassets */ = {isa = PBXFileReference; lastKnownFileType = folder.assetcatalog; path = "Preview Assets.xcassets"; sourceTree = "<group>"; };
		44C28EED2A42C79600B53C8D /* TodoApp_SwiftUITests.xctest */ = {isa = PBXFileReference; explicitFileType = wrapper.cfbundle; includeInIndex = 0; path = TodoApp_SwiftUITests.xctest; sourceTree = BUILT_PRODUCTS_DIR; };
		44C28EF12A42C79600B53C8D /* TodoApp_SwiftUITests.swift */ = {isa = PBXFileReference; lastKnownFileType = sourcecode.swift; path = TodoApp_SwiftUITests.swift; sourceTree = "<group>"; };
		44C28EF72A42C79600B53C8D /* TodoApp_SwiftUIUITests.xctest */ = {isa = PBXFileReference; explicitFileType = wrapper.cfbundle; includeInIndex = 0; path = TodoApp_SwiftUIUITests.xctest; sourceTree = BUILT_PRODUCTS_DIR; };
		44C28EFB2A42C79600B53C8D /* TodoApp_SwiftUIUITests.swift */ = {isa = PBXFileReference; lastKnownFileType = sourcecode.swift; path = TodoApp_SwiftUIUITests.swift; sourceTree = "<group>"; };
		44C28EFD2A42C79600B53C8D /* TodoApp_SwiftUIUITestsLaunchTests.swift */ = {isa = PBXFileReference; lastKnownFileType = sourcecode.swift; path = TodoApp_SwiftUIUITestsLaunchTests.swift; sourceTree = "<group>"; };
		44C28F112A42CA6700B53C8D /* GoogleService-Info.plist */ = {isa = PBXFileReference; fileEncoding = 4; lastKnownFileType = text.plist.xml; path = "GoogleService-Info.plist"; sourceTree = "<group>"; };
		44C28F1A2A42CE0300B53C8D /* ProfileScreen.swift */ = {isa = PBXFileReference; lastKnownFileType = sourcecode.swift; path = ProfileScreen.swift; sourceTree = "<group>"; };
		44C28F1D2A42CE7500B53C8D /* ToDoItemView.swift */ = {isa = PBXFileReference; lastKnownFileType = sourcecode.swift; path = ToDoItemView.swift; sourceTree = "<group>"; };
		44C28F1F2A42CEE800B53C8D /* ToDoListItemModel.swift */ = {isa = PBXFileReference; lastKnownFileType = sourcecode.swift; path = ToDoListItemModel.swift; sourceTree = "<group>"; };
		44C28F222A42CF0000B53C8D /* UserModel.swift */ = {isa = PBXFileReference; lastKnownFileType = sourcecode.swift; path = UserModel.swift; sourceTree = "<group>"; };
		44C28F242A42CF2F00B53C8D /* ToDoMainScreenViewModel.swift */ = {isa = PBXFileReference; lastKnownFileType = sourcecode.swift; path = ToDoMainScreenViewModel.swift; sourceTree = "<group>"; };
		44C28F282A42CF5900B53C8D /* ProfileViewModel.swift */ = {isa = PBXFileReference; lastKnownFileType = sourcecode.swift; path = ProfileViewModel.swift; sourceTree = "<group>"; };
		44C28F2A2A42CF8900B53C8D /* NewItemViewModel.swift */ = {isa = PBXFileReference; lastKnownFileType = sourcecode.swift; path = NewItemViewModel.swift; sourceTree = "<group>"; };
		44C28F2D2A42CFAF00B53C8D /* LoginViewModel.swift */ = {isa = PBXFileReference; lastKnownFileType = sourcecode.swift; path = LoginViewModel.swift; sourceTree = "<group>"; };
		44C28F2F2A42CFB600B53C8D /* RegisterViewModel.swift */ = {isa = PBXFileReference; lastKnownFileType = sourcecode.swift; path = RegisterViewModel.swift; sourceTree = "<group>"; };
		44C28F352A42D08A00B53C8D /* AuthView.swift */ = {isa = PBXFileReference; lastKnownFileType = sourcecode.swift; path = AuthView.swift; sourceTree = "<group>"; };
		44C28F372A42D0F600B53C8D /* MainSuperView.swift */ = {isa = PBXFileReference; lastKnownFileType = sourcecode.swift; path = MainSuperView.swift; sourceTree = "<group>"; };
		44C28F3A2A42D55400B53C8D /* HeaderAuthView.swift */ = {isa = PBXFileReference; lastKnownFileType = sourcecode.swift; path = HeaderAuthView.swift; sourceTree = "<group>"; };
		44C28F3D2A42D90300B53C8D /* RegisterView.swift */ = {isa = PBXFileReference; lastKnownFileType = sourcecode.swift; path = RegisterView.swift; sourceTree = "<group>"; };
/* End PBXFileReference section */

/* Begin PBXFrameworksBuildPhase section */
		44C28EDA2A42C79500B53C8D /* Frameworks */ = {
			isa = PBXFrameworksBuildPhase;
			buildActionMask = 2147483647;
			files = (
				44C28F0C2A42C8FD00B53C8D /* FirebaseAuth in Frameworks */,
				44C28F0E2A42C8FD00B53C8D /* FirebaseFirestore in Frameworks */,
				44C28F102A42C8FD00B53C8D /* FirebaseFirestoreSwift in Frameworks */,
			);
			runOnlyForDeploymentPostprocessing = 0;
		};
		44C28EEA2A42C79600B53C8D /* Frameworks */ = {
			isa = PBXFrameworksBuildPhase;
			buildActionMask = 2147483647;
			files = (
			);
			runOnlyForDeploymentPostprocessing = 0;
		};
		44C28EF42A42C79600B53C8D /* Frameworks */ = {
			isa = PBXFrameworksBuildPhase;
			buildActionMask = 2147483647;
			files = (
			);
			runOnlyForDeploymentPostprocessing = 0;
		};
/* End PBXFrameworksBuildPhase section */

/* Begin PBXGroup section */
		44C28ED42A42C79500B53C8D = {
			isa = PBXGroup;
			children = (
				44C28EDF2A42C79500B53C8D /* TodoApp_SwiftUI */,
				44C28EF02A42C79600B53C8D /* TodoApp_SwiftUITests */,
				44C28EFA2A42C79600B53C8D /* TodoApp_SwiftUIUITests */,
				44C28EDE2A42C79500B53C8D /* Products */,
			);
			sourceTree = "<group>";
		};
		44C28EDE2A42C79500B53C8D /* Products */ = {
			isa = PBXGroup;
			children = (
				44C28EDD2A42C79500B53C8D /* TodoApp_SwiftUI.app */,
				44C28EED2A42C79600B53C8D /* TodoApp_SwiftUITests.xctest */,
				44C28EF72A42C79600B53C8D /* TodoApp_SwiftUIUITests.xctest */,
			);
			name = Products;
			sourceTree = "<group>";
		};
		44C28EDF2A42C79500B53C8D /* TodoApp_SwiftUI */ = {
			isa = PBXGroup;
			children = (
				44C28F162A42CBDC00B53C8D /* App */,
				44C28F1C2A42CE1E00B53C8D /* AuthScreen */,
				44C28F192A42CDF100B53C8D /* ProfileScreen */,
				44C28F182A42CDE500B53C8D /* TodoMainScreen */,
				44C28EE62A42C79600B53C8D /* Preview Content */,
			);
			path = TodoApp_SwiftUI;
			sourceTree = "<group>";
		};
		44C28EE62A42C79600B53C8D /* Preview Content */ = {
			isa = PBXGroup;
			children = (
				44C28EE72A42C79600B53C8D /* Preview Assets.xcassets */,
			);
			path = "Preview Content";
			sourceTree = "<group>";
		};
		44C28EF02A42C79600B53C8D /* TodoApp_SwiftUITests */ = {
			isa = PBXGroup;
			children = (
				44C28EF12A42C79600B53C8D /* TodoApp_SwiftUITests.swift */,
			);
			path = TodoApp_SwiftUITests;
			sourceTree = "<group>";
		};
		44C28EFA2A42C79600B53C8D /* TodoApp_SwiftUIUITests */ = {
			isa = PBXGroup;
			children = (
				44C28EFB2A42C79600B53C8D /* TodoApp_SwiftUIUITests.swift */,
				44C28EFD2A42C79600B53C8D /* TodoApp_SwiftUIUITestsLaunchTests.swift */,
			);
			path = TodoApp_SwiftUIUITests;
			sourceTree = "<group>";
		};
		44C28F132A42CBAA00B53C8D /* View */ = {
			isa = PBXGroup;
			children = (
				44C28EE22A42C79500B53C8D /* TodoMainListView.swift */,
			);
			path = View;
			sourceTree = "<group>";
		};
		44C28F142A42CBB200B53C8D /* ViewModel */ = {
			isa = PBXGroup;
			children = (
				44C28F242A42CF2F00B53C8D /* ToDoMainScreenViewModel.swift */,
			);
			path = ViewModel;
			sourceTree = "<group>";
		};
		44C28F152A42CBC600B53C8D /* Model */ = {
			isa = PBXGroup;
			children = (
				44C28F1F2A42CEE800B53C8D /* ToDoListItemModel.swift */,
			);
			path = Model;
			sourceTree = "<group>";
		};
		44C28F162A42CBDC00B53C8D /* App */ = {
			isa = PBXGroup;
			children = (
				44C28EE02A42C79500B53C8D /* TodoApp_SwiftUIApp.swift */,
				44C28F112A42CA6700B53C8D /* GoogleService-Info.plist */,
				44C28EE42A42C79600B53C8D /* Assets.xcassets */,
			);
			path = App;
			sourceTree = "<group>";
		};
		44C28F182A42CDE500B53C8D /* TodoMainScreen */ = {
			isa = PBXGroup;
			children = (
				44C28F312A42CFD900B53C8D /* ToDoItem */,
				44C28F152A42CBC600B53C8D /* Model */,
				44C28F142A42CBB200B53C8D /* ViewModel */,
				44C28F132A42CBAA00B53C8D /* View */,
			);
			path = TodoMainScreen;
			sourceTree = "<group>";
		};
		44C28F192A42CDF100B53C8D /* ProfileScreen */ = {
			isa = PBXGroup;
			children = (
				44C28F272A42CF4C00B53C8D /* ViewModel */,
				44C28F262A42CF3F00B53C8D /* View */,
			);
			path = ProfileScreen;
			sourceTree = "<group>";
		};
		44C28F1C2A42CE1E00B53C8D /* AuthScreen */ = {
			isa = PBXGroup;
			children = (
				44C28F342A42D07C00B53C8D /* View */,
				44C28F2C2A42CFA500B53C8D /* ViewModel */,
				44C28F212A42CEF100B53C8D /* Model */,
				44C28F372A42D0F600B53C8D /* MainSuperView.swift */,
			);
			path = AuthScreen;
			sourceTree = "<group>";
		};
		44C28F212A42CEF100B53C8D /* Model */ = {
			isa = PBXGroup;
			children = (
				44C28F222A42CF0000B53C8D /* UserModel.swift */,
			);
			path = Model;
			sourceTree = "<group>";
		};
		44C28F262A42CF3F00B53C8D /* View */ = {
			isa = PBXGroup;
			children = (
				44C28F1A2A42CE0300B53C8D /* ProfileScreen.swift */,
			);
			path = View;
			sourceTree = "<group>";
		};
		44C28F272A42CF4C00B53C8D /* ViewModel */ = {
			isa = PBXGroup;
			children = (
				44C28F282A42CF5900B53C8D /* ProfileViewModel.swift */,
			);
			path = ViewModel;
			sourceTree = "<group>";
		};
		44C28F2C2A42CFA500B53C8D /* ViewModel */ = {
			isa = PBXGroup;
			children = (
				44C28F2D2A42CFAF00B53C8D /* LoginViewModel.swift */,
				44C28F2F2A42CFB600B53C8D /* RegisterViewModel.swift */,
			);
			path = ViewModel;
			sourceTree = "<group>";
		};
		44C28F312A42CFD900B53C8D /* ToDoItem */ = {
			isa = PBXGroup;
			children = (
				44C28F332A42D00200B53C8D /* ViewModel */,
				44C28F322A42CFE400B53C8D /* View */,
			);
			path = ToDoItem;
			sourceTree = "<group>";
		};
		44C28F322A42CFE400B53C8D /* View */ = {
			isa = PBXGroup;
			children = (
				44C28F1D2A42CE7500B53C8D /* ToDoItemView.swift */,
			);
			path = View;
			sourceTree = "<group>";
		};
		44C28F332A42D00200B53C8D /* ViewModel */ = {
			isa = PBXGroup;
			children = (
				44C28F2A2A42CF8900B53C8D /* NewItemViewModel.swift */,
			);
			path = ViewModel;
			sourceTree = "<group>";
		};
		44C28F342A42D07C00B53C8D /* View */ = {
			isa = PBXGroup;
			children = (
				44C28F3C2A42D8F200B53C8D /* Register */,
				44C28F392A42D54400B53C8D /* Helpers */,
				44C28F352A42D08A00B53C8D /* AuthView.swift */,
			);
			path = View;
			sourceTree = "<group>";
		};
		44C28F392A42D54400B53C8D /* Helpers */ = {
			isa = PBXGroup;
			children = (
				44C28F3A2A42D55400B53C8D /* HeaderAuthView.swift */,
			);
			path = Helpers;
			sourceTree = "<group>";
		};
		44C28F3C2A42D8F200B53C8D /* Register */ = {
			isa = PBXGroup;
			children = (
				44C28F3D2A42D90300B53C8D /* RegisterView.swift */,
			);
			path = Register;
			sourceTree = "<group>";
		};
/* End PBXGroup section */

/* Begin PBXNativeTarget section */
		44C28EDC2A42C79500B53C8D /* TodoApp_SwiftUI */ = {
			isa = PBXNativeTarget;
			buildConfigurationList = 44C28F012A42C79600B53C8D /* Build configuration list for PBXNativeTarget "TodoApp_SwiftUI" */;
			buildPhases = (
				44C28ED92A42C79500B53C8D /* Sources */,
				44C28EDA2A42C79500B53C8D /* Frameworks */,
				44C28EDB2A42C79500B53C8D /* Resources */,
			);
			buildRules = (
			);
			dependencies = (
			);
			name = TodoApp_SwiftUI;
			packageProductDependencies = (
				44C28F0B2A42C8FD00B53C8D /* FirebaseAuth */,
				44C28F0D2A42C8FD00B53C8D /* FirebaseFirestore */,
				44C28F0F2A42C8FD00B53C8D /* FirebaseFirestoreSwift */,
			);
			productName = TodoApp_SwiftUI;
			productReference = 44C28EDD2A42C79500B53C8D /* TodoApp_SwiftUI.app */;
			productType = "com.apple.product-type.application";
		};
		44C28EEC2A42C79600B53C8D /* TodoApp_SwiftUITests */ = {
			isa = PBXNativeTarget;
			buildConfigurationList = 44C28F042A42C79600B53C8D /* Build configuration list for PBXNativeTarget "TodoApp_SwiftUITests" */;
			buildPhases = (
				44C28EE92A42C79600B53C8D /* Sources */,
				44C28EEA2A42C79600B53C8D /* Frameworks */,
				44C28EEB2A42C79600B53C8D /* Resources */,
			);
			buildRules = (
			);
			dependencies = (
				44C28EEF2A42C79600B53C8D /* PBXTargetDependency */,
			);
			name = TodoApp_SwiftUITests;
			productName = TodoApp_SwiftUITests;
			productReference = 44C28EED2A42C79600B53C8D /* TodoApp_SwiftUITests.xctest */;
			productType = "com.apple.product-type.bundle.unit-test";
		};
		44C28EF62A42C79600B53C8D /* TodoApp_SwiftUIUITests */ = {
			isa = PBXNativeTarget;
			buildConfigurationList = 44C28F072A42C79600B53C8D /* Build configuration list for PBXNativeTarget "TodoApp_SwiftUIUITests" */;
			buildPhases = (
				44C28EF32A42C79600B53C8D /* Sources */,
				44C28EF42A42C79600B53C8D /* Frameworks */,
				44C28EF52A42C79600B53C8D /* Resources */,
			);
			buildRules = (
			);
			dependencies = (
				44C28EF92A42C79600B53C8D /* PBXTargetDependency */,
			);
			name = TodoApp_SwiftUIUITests;
			productName = TodoApp_SwiftUIUITests;
			productReference = 44C28EF72A42C79600B53C8D /* TodoApp_SwiftUIUITests.xctest */;
			productType = "com.apple.product-type.bundle.ui-testing";
		};
/* End PBXNativeTarget section */

/* Begin PBXProject section */
		44C28ED52A42C79500B53C8D /* Project object */ = {
			isa = PBXProject;
			attributes = {
				BuildIndependentTargetsInParallel = 1;
				LastSwiftUpdateCheck = 1420;
				LastUpgradeCheck = 1420;
				TargetAttributes = {
					44C28EDC2A42C79500B53C8D = {
						CreatedOnToolsVersion = 14.2;
					};
					44C28EEC2A42C79600B53C8D = {
						CreatedOnToolsVersion = 14.2;
						TestTargetID = 44C28EDC2A42C79500B53C8D;
					};
					44C28EF62A42C79600B53C8D = {
						CreatedOnToolsVersion = 14.2;
						TestTargetID = 44C28EDC2A42C79500B53C8D;
					};
				};
			};
			buildConfigurationList = 44C28ED82A42C79500B53C8D /* Build configuration list for PBXProject "TodoApp_SwiftUI" */;
			compatibilityVersion = "Xcode 14.0";
			developmentRegion = en;
			hasScannedForEncodings = 0;
			knownRegions = (
				en,
				Base,
			);
			mainGroup = 44C28ED42A42C79500B53C8D;
			packageReferences = (
				44C28F0A2A42C8FC00B53C8D /* XCRemoteSwiftPackageReference "firebase-ios-sdk" */,
			);
			productRefGroup = 44C28EDE2A42C79500B53C8D /* Products */;
			projectDirPath = "";
			projectRoot = "";
			targets = (
				44C28EDC2A42C79500B53C8D /* TodoApp_SwiftUI */,
				44C28EEC2A42C79600B53C8D /* TodoApp_SwiftUITests */,
				44C28EF62A42C79600B53C8D /* TodoApp_SwiftUIUITests */,
			);
		};
/* End PBXProject section */

/* Begin PBXResourcesBuildPhase section */
		44C28EDB2A42C79500B53C8D /* Resources */ = {
			isa = PBXResourcesBuildPhase;
			buildActionMask = 2147483647;
			files = (
				44C28EE82A42C79600B53C8D /* Preview Assets.xcassets in Resources */,
				44C28EE52A42C79600B53C8D /* Assets.xcassets in Resources */,
				44C28F122A42CA6700B53C8D /* GoogleService-Info.plist in Resources */,
			);
			runOnlyForDeploymentPostprocessing = 0;
		};
		44C28EEB2A42C79600B53C8D /* Resources */ = {
			isa = PBXResourcesBuildPhase;
			buildActionMask = 2147483647;
			files = (
			);
			runOnlyForDeploymentPostprocessing = 0;
		};
		44C28EF52A42C79600B53C8D /* Resources */ = {
			isa = PBXResourcesBuildPhase;
			buildActionMask = 2147483647;
			files = (
			);
			runOnlyForDeploymentPostprocessing = 0;
		};
/* End PBXResourcesBuildPhase section */

/* Begin PBXSourcesBuildPhase section */
		44C28ED92A42C79500B53C8D /* Sources */ = {
			isa = PBXSourcesBuildPhase;
			buildActionMask = 2147483647;
			files = (
				44C28F202A42CEE800B53C8D /* ToDoListItemModel.swift in Sources */,
				44C28F382A42D0F600B53C8D /* MainSuperView.swift in Sources */,
				44C28EE32A42C79500B53C8D /* TodoMainListView.swift in Sources */,
				44C28F362A42D08A00B53C8D /* AuthView.swift in Sources */,
				44C28F1E2A42CE7500B53C8D /* ToDoItemView.swift in Sources */,
				44C28F252A42CF2F00B53C8D /* ToDoMainScreenViewModel.swift in Sources */,
				44C28F3E2A42D90300B53C8D /* RegisterView.swift in Sources */,
				44C28F302A42CFB600B53C8D /* RegisterViewModel.swift in Sources */,
				44C28F1B2A42CE0300B53C8D /* ProfileScreen.swift in Sources */,
				44C28F2B2A42CF8900B53C8D /* NewItemViewModel.swift in Sources */,
				44C28F232A42CF0000B53C8D /* UserModel.swift in Sources */,
				44C28F292A42CF5900B53C8D /* ProfileViewModel.swift in Sources */,
				44C28F3B2A42D55400B53C8D /* HeaderAuthView.swift in Sources */,
				44C28F2E2A42CFAF00B53C8D /* LoginViewModel.swift in Sources */,
				44C28EE12A42C79500B53C8D /* TodoApp_SwiftUIApp.swift in Sources */,
			);
			runOnlyForDeploymentPostprocessing = 0;
		};
		44C28EE92A42C79600B53C8D /* Sources */ = {
			isa = PBXSourcesBuildPhase;
			buildActionMask = 2147483647;
			files = (
				44C28EF22A42C79600B53C8D /* TodoApp_SwiftUITests.swift in Sources */,
			);
			runOnlyForDeploymentPostprocessing = 0;
		};
		44C28EF32A42C79600B53C8D /* Sources */ = {
			isa = PBXSourcesBuildPhase;
			buildActionMask = 2147483647;
			files = (
				44C28EFE2A42C79600B53C8D /* TodoApp_SwiftUIUITestsLaunchTests.swift in Sources */,
				44C28EFC2A42C79600B53C8D /* TodoApp_SwiftUIUITests.swift in Sources */,
			);
			runOnlyForDeploymentPostprocessing = 0;
		};
/* End PBXSourcesBuildPhase section */

/* Begin PBXTargetDependency section */
		44C28EEF2A42C79600B53C8D /* PBXTargetDependency */ = {
			isa = PBXTargetDependency;
			target = 44C28EDC2A42C79500B53C8D /* TodoApp_SwiftUI */;
			targetProxy = 44C28EEE2A42C79600B53C8D /* PBXContainerItemProxy */;
		};
		44C28EF92A42C79600B53C8D /* PBXTargetDependency */ = {
			isa = PBXTargetDependency;
			target = 44C28EDC2A42C79500B53C8D /* TodoApp_SwiftUI */;
			targetProxy = 44C28EF82A42C79600B53C8D /* PBXContainerItemProxy */;
		};
/* End PBXTargetDependency section */

/* Begin XCBuildConfiguration section */
		44C28EFF2A42C79600B53C8D /* Debug */ = {
			isa = XCBuildConfiguration;
			buildSettings = {
				ALWAYS_SEARCH_USER_PATHS = NO;
				CLANG_ANALYZER_NONNULL = YES;
				CLANG_ANALYZER_NUMBER_OBJECT_CONVERSION = YES_AGGRESSIVE;
				CLANG_CXX_LANGUAGE_STANDARD = "gnu++20";
				CLANG_ENABLE_MODULES = YES;
				CLANG_ENABLE_OBJC_ARC = YES;
				CLANG_ENABLE_OBJC_WEAK = YES;
				CLANG_WARN_BLOCK_CAPTURE_AUTORELEASING = YES;
				CLANG_WARN_BOOL_CONVERSION = YES;
				CLANG_WARN_COMMA = YES;
				CLANG_WARN_CONSTANT_CONVERSION = YES;
				CLANG_WARN_DEPRECATED_OBJC_IMPLEMENTATIONS = YES;
				CLANG_WARN_DIRECT_OBJC_ISA_USAGE = YES_ERROR;
				CLANG_WARN_DOCUMENTATION_COMMENTS = YES;
				CLANG_WARN_EMPTY_BODY = YES;
				CLANG_WARN_ENUM_CONVERSION = YES;
				CLANG_WARN_INFINITE_RECURSION = YES;
				CLANG_WARN_INT_CONVERSION = YES;
				CLANG_WARN_NON_LITERAL_NULL_CONVERSION = YES;
				CLANG_WARN_OBJC_IMPLICIT_RETAIN_SELF = YES;
				CLANG_WARN_OBJC_LITERAL_CONVERSION = YES;
				CLANG_WARN_OBJC_ROOT_CLASS = YES_ERROR;
				CLANG_WARN_QUOTED_INCLUDE_IN_FRAMEWORK_HEADER = YES;
				CLANG_WARN_RANGE_LOOP_ANALYSIS = YES;
				CLANG_WARN_STRICT_PROTOTYPES = YES;
				CLANG_WARN_SUSPICIOUS_MOVE = YES;
				CLANG_WARN_UNGUARDED_AVAILABILITY = YES_AGGRESSIVE;
				CLANG_WARN_UNREACHABLE_CODE = YES;
				CLANG_WARN__DUPLICATE_METHOD_MATCH = YES;
				COPY_PHASE_STRIP = NO;
				DEBUG_INFORMATION_FORMAT = dwarf;
				ENABLE_STRICT_OBJC_MSGSEND = YES;
				ENABLE_TESTABILITY = YES;
				GCC_C_LANGUAGE_STANDARD = gnu11;
				GCC_DYNAMIC_NO_PIC = NO;
				GCC_NO_COMMON_BLOCKS = YES;
				GCC_OPTIMIZATION_LEVEL = 0;
				GCC_PREPROCESSOR_DEFINITIONS = (
					"DEBUG=1",
					"$(inherited)",
				);
				GCC_WARN_64_TO_32_BIT_CONVERSION = YES;
				GCC_WARN_ABOUT_RETURN_TYPE = YES_ERROR;
				GCC_WARN_UNDECLARED_SELECTOR = YES;
				GCC_WARN_UNINITIALIZED_AUTOS = YES_AGGRESSIVE;
				GCC_WARN_UNUSED_FUNCTION = YES;
				GCC_WARN_UNUSED_VARIABLE = YES;
				IPHONEOS_DEPLOYMENT_TARGET = 16.2;
				MTL_ENABLE_DEBUG_INFO = INCLUDE_SOURCE;
				MTL_FAST_MATH = YES;
				ONLY_ACTIVE_ARCH = YES;
				SDKROOT = iphoneos;
				SWIFT_ACTIVE_COMPILATION_CONDITIONS = DEBUG;
				SWIFT_OPTIMIZATION_LEVEL = "-Onone";
			};
			name = Debug;
		};
		44C28F002A42C79600B53C8D /* Release */ = {
			isa = XCBuildConfiguration;
			buildSettings = {
				ALWAYS_SEARCH_USER_PATHS = NO;
				CLANG_ANALYZER_NONNULL = YES;
				CLANG_ANALYZER_NUMBER_OBJECT_CONVERSION = YES_AGGRESSIVE;
				CLANG_CXX_LANGUAGE_STANDARD = "gnu++20";
				CLANG_ENABLE_MODULES = YES;
				CLANG_ENABLE_OBJC_ARC = YES;
				CLANG_ENABLE_OBJC_WEAK = YES;
				CLANG_WARN_BLOCK_CAPTURE_AUTORELEASING = YES;
				CLANG_WARN_BOOL_CONVERSION = YES;
				CLANG_WARN_COMMA = YES;
				CLANG_WARN_CONSTANT_CONVERSION = YES;
				CLANG_WARN_DEPRECATED_OBJC_IMPLEMENTATIONS = YES;
				CLANG_WARN_DIRECT_OBJC_ISA_USAGE = YES_ERROR;
				CLANG_WARN_DOCUMENTATION_COMMENTS = YES;
				CLANG_WARN_EMPTY_BODY = YES;
				CLANG_WARN_ENUM_CONVERSION = YES;
				CLANG_WARN_INFINITE_RECURSION = YES;
				CLANG_WARN_INT_CONVERSION = YES;
				CLANG_WARN_NON_LITERAL_NULL_CONVERSION = YES;
				CLANG_WARN_OBJC_IMPLICIT_RETAIN_SELF = YES;
				CLANG_WARN_OBJC_LITERAL_CONVERSION = YES;
				CLANG_WARN_OBJC_ROOT_CLASS = YES_ERROR;
				CLANG_WARN_QUOTED_INCLUDE_IN_FRAMEWORK_HEADER = YES;
				CLANG_WARN_RANGE_LOOP_ANALYSIS = YES;
				CLANG_WARN_STRICT_PROTOTYPES = YES;
				CLANG_WARN_SUSPICIOUS_MOVE = YES;
				CLANG_WARN_UNGUARDED_AVAILABILITY = YES_AGGRESSIVE;
				CLANG_WARN_UNREACHABLE_CODE = YES;
				CLANG_WARN__DUPLICATE_METHOD_MATCH = YES;
				COPY_PHASE_STRIP = NO;
				DEBUG_INFORMATION_FORMAT = "dwarf-with-dsym";
				ENABLE_NS_ASSERTIONS = NO;
				ENABLE_STRICT_OBJC_MSGSEND = YES;
				GCC_C_LANGUAGE_STANDARD = gnu11;
				GCC_NO_COMMON_BLOCKS = YES;
				GCC_WARN_64_TO_32_BIT_CONVERSION = YES;
				GCC_WARN_ABOUT_RETURN_TYPE = YES_ERROR;
				GCC_WARN_UNDECLARED_SELECTOR = YES;
				GCC_WARN_UNINITIALIZED_AUTOS = YES_AGGRESSIVE;
				GCC_WARN_UNUSED_FUNCTION = YES;
				GCC_WARN_UNUSED_VARIABLE = YES;
				IPHONEOS_DEPLOYMENT_TARGET = 16.2;
				MTL_ENABLE_DEBUG_INFO = NO;
				MTL_FAST_MATH = YES;
				SDKROOT = iphoneos;
				SWIFT_COMPILATION_MODE = wholemodule;
				SWIFT_OPTIMIZATION_LEVEL = "-O";
				VALIDATE_PRODUCT = YES;
			};
			name = Release;
		};
		44C28F022A42C79600B53C8D /* Debug */ = {
			isa = XCBuildConfiguration;
			buildSettings = {
				ASSETCATALOG_COMPILER_APPICON_NAME = AppIcon;
				ASSETCATALOG_COMPILER_GLOBAL_ACCENT_COLOR_NAME = AccentColor;
				CODE_SIGN_STYLE = Automatic;
				CURRENT_PROJECT_VERSION = 1;
				DEVELOPMENT_ASSET_PATHS = "\"TodoApp_SwiftUI/Preview Content\"";
				DEVELOPMENT_TEAM = Q7D95C8V9R;
				ENABLE_PREVIEWS = YES;
				GENERATE_INFOPLIST_FILE = YES;
				INFOPLIST_KEY_CFBundleDisplayName = TodoList;
				INFOPLIST_KEY_UIApplicationSceneManifest_Generation = YES;
				INFOPLIST_KEY_UIApplicationSupportsIndirectInputEvents = YES;
				INFOPLIST_KEY_UILaunchScreen_Generation = YES;
				INFOPLIST_KEY_UISupportedInterfaceOrientations = UIInterfaceOrientationPortrait;
				LD_RUNPATH_SEARCH_PATHS = (
					"$(inherited)",
					"@executable_path/Frameworks",
				);
				MARKETING_VERSION = 1.0;
				PRODUCT_BUNDLE_IDENTIFIER = "com.artem.TodoApp-SwiftUI";
				PRODUCT_NAME = "$(TARGET_NAME)";
				SWIFT_EMIT_LOC_STRINGS = YES;
				SWIFT_VERSION = 5.0;
				TARGETED_DEVICE_FAMILY = "1,2";
			};
			name = Debug;
		};
		44C28F032A42C79600B53C8D /* Release */ = {
			isa = XCBuildConfiguration;
			buildSettings = {
				ASSETCATALOG_COMPILER_APPICON_NAME = AppIcon;
				ASSETCATALOG_COMPILER_GLOBAL_ACCENT_COLOR_NAME = AccentColor;
				CODE_SIGN_STYLE = Automatic;
				CURRENT_PROJECT_VERSION = 1;
				DEVELOPMENT_ASSET_PATHS = "\"TodoApp_SwiftUI/Preview Content\"";
				DEVELOPMENT_TEAM = Q7D95C8V9R;
				ENABLE_PREVIEWS = YES;
				GENERATE_INFOPLIST_FILE = YES;
				INFOPLIST_KEY_CFBundleDisplayName = TodoList;
				INFOPLIST_KEY_UIApplicationSceneManifest_Generation = YES;
				INFOPLIST_KEY_UIApplicationSupportsIndirectInputEvents = YES;
				INFOPLIST_KEY_UILaunchScreen_Generation = YES;
				INFOPLIST_KEY_UISupportedInterfaceOrientations = UIInterfaceOrientationPortrait;
				LD_RUNPATH_SEARCH_PATHS = (
					"$(inherited)",
					"@executable_path/Frameworks",
				);
				MARKETING_VERSION = 1.0;
				PRODUCT_BUNDLE_IDENTIFIER = "com.artem.TodoApp-SwiftUI";
				PRODUCT_NAME = "$(TARGET_NAME)";
				SWIFT_EMIT_LOC_STRINGS = YES;
				SWIFT_VERSION = 5.0;
				TARGETED_DEVICE_FAMILY = "1,2";
			};
			name = Release;
		};
		44C28F052A42C79600B53C8D /* Debug */ = {
			isa = XCBuildConfiguration;
			buildSettings = {
				ALWAYS_EMBED_SWIFT_STANDARD_LIBRARIES = YES;
				BUNDLE_LOADER = "$(TEST_HOST)";
				CODE_SIGN_STYLE = Automatic;
				CURRENT_PROJECT_VERSION = 1;
				DEVELOPMENT_TEAM = Q7D95C8V9R;
				GENERATE_INFOPLIST_FILE = YES;
				IPHONEOS_DEPLOYMENT_TARGET = 16.2;
				MARKETING_VERSION = 1.0;
				PRODUCT_BUNDLE_IDENTIFIER = "com.artem.TodoApp-SwiftUITests";
				PRODUCT_NAME = "$(TARGET_NAME)";
				SWIFT_EMIT_LOC_STRINGS = NO;
				SWIFT_VERSION = 5.0;
				TARGETED_DEVICE_FAMILY = "1,2";
				TEST_HOST = "$(BUILT_PRODUCTS_DIR)/TodoApp_SwiftUI.app/$(BUNDLE_EXECUTABLE_FOLDER_PATH)/TodoApp_SwiftUI";
			};
			name = Debug;
		};
		44C28F062A42C79600B53C8D /* Release */ = {
			isa = XCBuildConfiguration;
			buildSettings = {
				ALWAYS_EMBED_SWIFT_STANDARD_LIBRARIES = YES;
				BUNDLE_LOADER = "$(TEST_HOST)";
				CODE_SIGN_STYLE = Automatic;
				CURRENT_PROJECT_VERSION = 1;
				DEVELOPMENT_TEAM = Q7D95C8V9R;
				GENERATE_INFOPLIST_FILE = YES;
				IPHONEOS_DEPLOYMENT_TARGET = 16.2;
				MARKETING_VERSION = 1.0;
				PRODUCT_BUNDLE_IDENTIFIER = "com.artem.TodoApp-SwiftUITests";
				PRODUCT_NAME = "$(TARGET_NAME)";
				SWIFT_EMIT_LOC_STRINGS = NO;
				SWIFT_VERSION = 5.0;
				TARGETED_DEVICE_FAMILY = "1,2";
				TEST_HOST = "$(BUILT_PRODUCTS_DIR)/TodoApp_SwiftUI.app/$(BUNDLE_EXECUTABLE_FOLDER_PATH)/TodoApp_SwiftUI";
			};
			name = Release;
		};
		44C28F082A42C79600B53C8D /* Debug */ = {
			isa = XCBuildConfiguration;
			buildSettings = {
				ALWAYS_EMBED_SWIFT_STANDARD_LIBRARIES = YES;
				CODE_SIGN_STYLE = Automatic;
				CURRENT_PROJECT_VERSION = 1;
				DEVELOPMENT_TEAM = Q7D95C8V9R;
				GENERATE_INFOPLIST_FILE = YES;
				MARKETING_VERSION = 1.0;
				PRODUCT_BUNDLE_IDENTIFIER = "com.artem.TodoApp-SwiftUIUITests";
				PRODUCT_NAME = "$(TARGET_NAME)";
				SWIFT_EMIT_LOC_STRINGS = NO;
				SWIFT_VERSION = 5.0;
				TARGETED_DEVICE_FAMILY = "1,2";
				TEST_TARGET_NAME = TodoApp_SwiftUI;
			};
			name = Debug;
		};
		44C28F092A42C79600B53C8D /* Release */ = {
			isa = XCBuildConfiguration;
			buildSettings = {
				ALWAYS_EMBED_SWIFT_STANDARD_LIBRARIES = YES;
				CODE_SIGN_STYLE = Automatic;
				CURRENT_PROJECT_VERSION = 1;
				DEVELOPMENT_TEAM = Q7D95C8V9R;
				GENERATE_INFOPLIST_FILE = YES;
				MARKETING_VERSION = 1.0;
				PRODUCT_BUNDLE_IDENTIFIER = "com.artem.TodoApp-SwiftUIUITests";
				PRODUCT_NAME = "$(TARGET_NAME)";
				SWIFT_EMIT_LOC_STRINGS = NO;
				SWIFT_VERSION = 5.0;
				TARGETED_DEVICE_FAMILY = "1,2";
				TEST_TARGET_NAME = TodoApp_SwiftUI;
			};
			name = Release;
		};
/* End XCBuildConfiguration section */

/* Begin XCConfigurationList section */
		44C28ED82A42C79500B53C8D /* Build configuration list for PBXProject "TodoApp_SwiftUI" */ = {
			isa = XCConfigurationList;
			buildConfigurations = (
				44C28EFF2A42C79600B53C8D /* Debug */,
				44C28F002A42C79600B53C8D /* Release */,
			);
			defaultConfigurationIsVisible = 0;
			defaultConfigurationName = Release;
		};
		44C28F012A42C79600B53C8D /* Build configuration list for PBXNativeTarget "TodoApp_SwiftUI" */ = {
			isa = XCConfigurationList;
			buildConfigurations = (
				44C28F022A42C79600B53C8D /* Debug */,
				44C28F032A42C79600B53C8D /* Release */,
			);
			defaultConfigurationIsVisible = 0;
			defaultConfigurationName = Release;
		};
		44C28F042A42C79600B53C8D /* Build configuration list for PBXNativeTarget "TodoApp_SwiftUITests" */ = {
			isa = XCConfigurationList;
			buildConfigurations = (
				44C28F052A42C79600B53C8D /* Debug */,
				44C28F062A42C79600B53C8D /* Release */,
			);
			defaultConfigurationIsVisible = 0;
			defaultConfigurationName = Release;
		};
		44C28F072A42C79600B53C8D /* Build configuration list for PBXNativeTarget "TodoApp_SwiftUIUITests" */ = {
			isa = XCConfigurationList;
			buildConfigurations = (
				44C28F082A42C79600B53C8D /* Debug */,
				44C28F092A42C79600B53C8D /* Release */,
			);
			defaultConfigurationIsVisible = 0;
			defaultConfigurationName = Release;
		};
/* End XCConfigurationList section */

/* Begin XCRemoteSwiftPackageReference section */
		44C28F0A2A42C8FC00B53C8D /* XCRemoteSwiftPackageReference "firebase-ios-sdk" */ = {
			isa = XCRemoteSwiftPackageReference;
			repositoryURL = "https://github.com/firebase/firebase-ios-sdk.git";
			requirement = {
				kind = upToNextMajorVersion;
				minimumVersion = 9.0.0;
			};
		};
/* End XCRemoteSwiftPackageReference section */

/* Begin XCSwiftPackageProductDependency section */
		44C28F0B2A42C8FD00B53C8D /* FirebaseAuth */ = {
			isa = XCSwiftPackageProductDependency;
			package = 44C28F0A2A42C8FC00B53C8D /* XCRemoteSwiftPackageReference "firebase-ios-sdk" */;
			productName = FirebaseAuth;
		};
		44C28F0D2A42C8FD00B53C8D /* FirebaseFirestore */ = {
			isa = XCSwiftPackageProductDependency;
			package = 44C28F0A2A42C8FC00B53C8D /* XCRemoteSwiftPackageReference "firebase-ios-sdk" */;
			productName = FirebaseFirestore;
		};
		44C28F0F2A42C8FD00B53C8D /* FirebaseFirestoreSwift */ = {
			isa = XCSwiftPackageProductDependency;
			package = 44C28F0A2A42C8FC00B53C8D /* XCRemoteSwiftPackageReference "firebase-ios-sdk" */;
			productName = FirebaseFirestoreSwift;
		};
/* End XCSwiftPackageProductDependency section */
	};
	rootObject = 44C28ED52A42C79500B53C8D /* Project object */;
}
